<?xml version="1.0" encoding="utf-8"?>
<Project ToolsVersion="4.0" xmlns="http://schemas.microsoft.com/developer/msbuild/2003">
  <ItemGroup>
    <Filter Include="Header Files">
      <UniqueIdentifier>{4bc0b515-6219-42d5-b864-ea6b2fa8ee8b}</UniqueIdentifier>
    </Filter>
    <Filter Include="Source Files">
      <UniqueIdentifier>{e8ad8383-8801-4223-b31f-afbc3a41bf72}</UniqueIdentifier>
    </Filter>
    <Filter Include="Cuda Files">
      <UniqueIdentifier>{00ce9090-8764-4e0d-9282-aeefa309f02b}</UniqueIdentifier>
    </Filter>
  </ItemGroup>
  <ItemGroup>
    <CudaCompile Include="..\src\KinectFusionKernels\VolumeRender.cu">
      <Filter>Cuda Files</Filter>
    </CudaCompile>
  </ItemGroup>
  <ItemGroup>
    <ClInclude Include="..\src\KinectFusionKernels\KinectFusionKernels.h">
      <Filter>Header Files</Filter>
    </ClInclude>
  </ItemGroup>
</Project>