
Microsoft Visual Studio Solution File, Format Version 12.00
# Visual Studio 2013
VisualStudioVersion = 12.0.40629.0
MinimumVisualStudioVersion = 10.0.40219.1
Project("{8BC9CEB8-8B4A-11D0-8D11-00A0C91BC942}") = "HelloQtKinect", "HelloQtKinect.vcxproj", "{901B3457-2876-4A37-B99F-08A5EBDE4E03}"
EndProject
Project("{8BC9CEB8-8B4A-11D0-8D11-00A0C91BC942}") = "QKinectPlayer", "QKinectPlayer.vcxproj", "{E07C587F-8FD3-451B-A362-B52016504ADF}"
EndProject
Project("{2150E333-8FDC-42A3-9474-1A3956D46DE8}") = "Test", "Test", "{0DB824ED-51DB-448A-BC0A-BA80F905402D}"
EndProject
Project("{2150E333-8FDC-42A3-9474-1A3956D46DE8}") = "App", "App", "{F87E6F7F-F06A-44E6-AC2E-AB5DAC113F07}"
EndProject
Project("{2150E333-8FDC-42A3-9474-1A3956D46DE8}") = "Lib", "Lib", "{947CB01C-95D6-4AB1-A286-AFA28BB6AE05}"
EndProject
Project("{8BC9CEB8-8B4A-11D0-8D11-00A0C91BC942}") = "QtKinect", "QtKinect.vcxproj", "{A1FA2CCC-DEF0-4FF3-82F0-EEDFF1A6523B}"
EndProject
Project("{8BC9CEB8-8B4A-11D0-8D11-00A0C91BC942}") = "TestQtKinect", "TestQtKinect.vcxproj", "{CD154329-1BC9-4A36-AADD-11B542A0A728}"
EndProject
Project("{8BC9CEB8-8B4A-11D0-8D11-00A0C91BC942}") = "QtKinectLoad", "QtKinectLoad.vcxproj", "{7730029D-DB43-47E4-AD9A-8A403281758D}"
EndProject
Project("{8BC9CEB8-8B4A-11D0-8D11-00A0C91BC942}") = "QtKinectSave", "QtKinectSave.vcxproj", "{169D6F36-A787-4E74-9FEA-6A9C97F52054}"
EndProject
Project("{8BC9CEB8-8B4A-11D0-8D11-00A0C91BC942}") = "Volumetric", "Volumetric.vcxproj", "{DD064BAB-8752-4DC8-B17A-5F12C6259D36}"
EndProject
Project("{8BC9CEB8-8B4A-11D0-8D11-00A0C91BC942}") = "Raycasting", "Raycasting.vcxproj", "{0EB87B31-E8A9-47D9-A830-C71D0D38B2D8}"
EndProject
Project("{8BC9CEB8-8B4A-11D0-8D11-00A0C91BC942}") = "TestVolumetric", "TestVolumetric.vcxproj", "{2DEDC23A-0D92-4952-A73C-82A8742AF6A4}"
EndProject
Global
	GlobalSection(SolutionConfigurationPlatforms) = preSolution
		Debug|x64 = Debug|x64
		Release|x64 = Release|x64
	EndGlobalSection
	GlobalSection(ProjectConfigurationPlatforms) = postSolution
		{901B3457-2876-4A37-B99F-08A5EBDE4E03}.Debug|x64.ActiveCfg = Debug|x64
		{901B3457-2876-4A37-B99F-08A5EBDE4E03}.Debug|x64.Build.0 = Debug|x64
		{901B3457-2876-4A37-B99F-08A5EBDE4E03}.Release|x64.ActiveCfg = Release|x64
		{901B3457-2876-4A37-B99F-08A5EBDE4E03}.Release|x64.Build.0 = Release|x64
		{E07C587F-8FD3-451B-A362-B52016504ADF}.Debug|x64.ActiveCfg = Debug|x64
		{E07C587F-8FD3-451B-A362-B52016504ADF}.Debug|x64.Build.0 = Debug|x64
		{E07C587F-8FD3-451B-A362-B52016504ADF}.Release|x64.ActiveCfg = Release|x64
		{E07C587F-8FD3-451B-A362-B52016504ADF}.Release|x64.Build.0 = Release|x64
		{A1FA2CCC-DEF0-4FF3-82F0-EEDFF1A6523B}.Debug|x64.ActiveCfg = Debug|x64
		{A1FA2CCC-DEF0-4FF3-82F0-EEDFF1A6523B}.Debug|x64.Build.0 = Debug|x64
		{A1FA2CCC-DEF0-4FF3-82F0-EEDFF1A6523B}.Release|x64.ActiveCfg = Release|x64
		{A1FA2CCC-DEF0-4FF3-82F0-EEDFF1A6523B}.Release|x64.Build.0 = Release|x64
		{CD154329-1BC9-4A36-AADD-11B542A0A728}.Debug|x64.ActiveCfg = Debug|x64
		{CD154329-1BC9-4A36-AADD-11B542A0A728}.Debug|x64.Build.0 = Debug|x64
		{CD154329-1BC9-4A36-AADD-11B542A0A728}.Release|x64.ActiveCfg = Release|x64
		{CD154329-1BC9-4A36-AADD-11B542A0A728}.Release|x64.Build.0 = Release|x64
		{7730029D-DB43-47E4-AD9A-8A403281758D}.Debug|x64.ActiveCfg = Debug|x64
		{7730029D-DB43-47E4-AD9A-8A403281758D}.Debug|x64.Build.0 = Debug|x64
		{7730029D-DB43-47E4-AD9A-8A403281758D}.Release|x64.ActiveCfg = Release|x64
		{7730029D-DB43-47E4-AD9A-8A403281758D}.Release|x64.Build.0 = Release|x64
		{169D6F36-A787-4E74-9FEA-6A9C97F52054}.Debug|x64.ActiveCfg = Debug|x64
		{169D6F36-A787-4E74-9FEA-6A9C97F52054}.Debug|x64.Build.0 = Debug|x64
		{169D6F36-A787-4E74-9FEA-6A9C97F52054}.Release|x64.ActiveCfg = Release|x64
		{169D6F36-A787-4E74-9FEA-6A9C97F52054}.Release|x64.Build.0 = Release|x64
		{DD064BAB-8752-4DC8-B17A-5F12C6259D36}.Debug|x64.ActiveCfg = Debug|x64
		{DD064BAB-8752-4DC8-B17A-5F12C6259D36}.Debug|x64.Build.0 = Debug|x64
		{DD064BAB-8752-4DC8-B17A-5F12C6259D36}.Release|x64.ActiveCfg = Release|x64
		{DD064BAB-8752-4DC8-B17A-5F12C6259D36}.Release|x64.Build.0 = Release|x64
		{0EB87B31-E8A9-47D9-A830-C71D0D38B2D8}.Debug|x64.ActiveCfg = Debug|x64
		{0EB87B31-E8A9-47D9-A830-C71D0D38B2D8}.Debug|x64.Build.0 = Debug|x64
		{0EB87B31-E8A9-47D9-A830-C71D0D38B2D8}.Release|x64.ActiveCfg = Release|x64
		{0EB87B31-E8A9-47D9-A830-C71D0D38B2D8}.Release|x64.Build.0 = Release|x64
		{2DEDC23A-0D92-4952-A73C-82A8742AF6A4}.Debug|x64.ActiveCfg = Debug|x64
		{2DEDC23A-0D92-4952-A73C-82A8742AF6A4}.Debug|x64.Build.0 = Debug|x64
		{2DEDC23A-0D92-4952-A73C-82A8742AF6A4}.Release|x64.ActiveCfg = Release|x64
		{2DEDC23A-0D92-4952-A73C-82A8742AF6A4}.Release|x64.Build.0 = Release|x64
	EndGlobalSection
	GlobalSection(SolutionProperties) = preSolution
		HideSolutionNode = FALSE
	EndGlobalSection
	GlobalSection(NestedProjects) = preSolution
		{901B3457-2876-4A37-B99F-08A5EBDE4E03} = {F87E6F7F-F06A-44E6-AC2E-AB5DAC113F07}
		{E07C587F-8FD3-451B-A362-B52016504ADF} = {F87E6F7F-F06A-44E6-AC2E-AB5DAC113F07}
		{A1FA2CCC-DEF0-4FF3-82F0-EEDFF1A6523B} = {947CB01C-95D6-4AB1-A286-AFA28BB6AE05}
		{CD154329-1BC9-4A36-AADD-11B542A0A728} = {0DB824ED-51DB-448A-BC0A-BA80F905402D}
		{7730029D-DB43-47E4-AD9A-8A403281758D} = {F87E6F7F-F06A-44E6-AC2E-AB5DAC113F07}
		{169D6F36-A787-4E74-9FEA-6A9C97F52054} = {F87E6F7F-F06A-44E6-AC2E-AB5DAC113F07}
		{DD064BAB-8752-4DC8-B17A-5F12C6259D36} = {F87E6F7F-F06A-44E6-AC2E-AB5DAC113F07}
		{0EB87B31-E8A9-47D9-A830-C71D0D38B2D8} = {F87E6F7F-F06A-44E6-AC2E-AB5DAC113F07}
		{2DEDC23A-0D92-4952-A73C-82A8742AF6A4} = {0DB824ED-51DB-448A-BC0A-BA80F905402D}
	EndGlobalSection
EndGlobal
