
Microsoft Visual Studio Solution File, Format Version 12.00
# Visual Studio 2013
VisualStudioVersion = 12.0.40629.0
MinimumVisualStudioVersion = 10.0.40219.1
Project("{8BC9CEB8-8B4A-11D0-8D11-00A0C91BC942}") = "HelloQtKinect", "HelloQtKinect.vcxproj", "{901B3457-2876-4A37-B99F-08A5EBDE4E03}"
EndProject
Project("{8BC9CEB8-8B4A-11D0-8D11-00A0C91BC942}") = "QKinectPlayer", "QKinectPlayer.vcxproj", "{E07C587F-8FD3-451B-A362-B52016504ADF}"
EndProject
Project("{2150E333-8FDC-42A3-9474-1A3956D46DE8}") = "Test", "Test", "{0DB824ED-51DB-448A-BC0A-BA80F905402D}"
EndProject
Project("{2150E333-8FDC-42A3-9474-1A3956D46DE8}") = "App", "App", "{F87E6F7F-F06A-44E6-AC2E-AB5DAC113F07}"
EndProject
Project("{2150E333-8FDC-42A3-9474-1A3956D46DE8}") = "Lib", "Lib", "{947CB01C-95D6-4AB1-A286-AFA28BB6AE05}"
EndProject
Project("{8BC9CEB8-8B4A-11D0-8D11-00A0C91BC942}") = "QtKinect", "QtKinect.vcxproj", "{A1FA2CCC-DEF0-4FF3-82F0-EEDFF1A6523B}"
EndProject
Project("{8BC9CEB8-8B4A-11D0-8D11-00A0C91BC942}") = "TestQtKinect", "TestQtKinect.vcxproj", "{CD154329-1BC9-4A36-AADD-11B542A0A728}"
EndProject
Project("{8BC9CEB8-8B4A-11D0-8D11-00A0C91BC942}") = "QtKinectLoad", "QtKinectLoad.vcxproj", "{7730029D-DB43-47E4-AD9A-8A403281758D}"
EndProject
Project("{8BC9CEB8-8B4A-11D0-8D11-00A0C91BC942}") = "QtKinectSave", "QtKinectSave.vcxproj", "{169D6F36-A787-4E74-9FEA-6A9C97F52054}"
EndProject
Project("{8BC9CEB8-8B4A-11D0-8D11-00A0C91BC942}") = "Volumetric", "Volumetric.vcxproj", "{DD064BAB-8752-4DC8-B17A-5F12C6259D36}"
EndProject
Project("{8BC9CEB8-8B4A-11D0-8D11-00A0C91BC942}") = "Raycasting", "Raycasting.vcxproj", "{0EB87B31-E8A9-47D9-A830-C71D0D38B2D8}"
EndProject
Project("{8BC9CEB8-8B4A-11D0-8D11-00A0C91BC942}") = "TestVolumetric", "TestVolumetric.vcxproj", "{2DEDC23A-0D92-4952-A73C-82A8742AF6A4}"
EndProject
Project("{2150E333-8FDC-42A3-9474-1A3956D46DE8}") = "Gpu", "Gpu", "{692D3B53-0A36-4FC7-8215-7622A18E77C1}"
EndProject
Project("{8BC9CEB8-8B4A-11D0-8D11-00A0C91BC942}") = "Volumetric_gpu", "Volumetric_gpu.vcxproj", "{85A698F9-697C-420E-B95D-27DAADB7F97F}"
EndProject
Project("{8BC9CEB8-8B4A-11D0-8D11-00A0C91BC942}") = "cuda_kernels", "cuda_kernels.vcxproj", "{835E1B3C-B685-4290-8C71-0F36F3E1D3BD}"
EndProject
Project("{8BC9CEB8-8B4A-11D0-8D11-00A0C91BC942}") = "NormalEstimate", "NormalEstimate.vcxproj", "{235F7D6E-4E3F-4428-B181-AC7594CAA09E}"
EndProject
Project("{8BC9CEB8-8B4A-11D0-8D11-00A0C91BC942}") = "BilateralFilter_gpu", "BilateralFilter_gpu.vcxproj", "{5D2195C7-BCFD-4207-B003-5B852F9A61E0}"
EndProject
Project("{8BC9CEB8-8B4A-11D0-8D11-00A0C91BC942}") = "NormalEstimate_gpu", "NormalEstimate_gpu.vcxproj", "{CDEE57B7-2D36-4D16-84AA-DD219A93ADCF}"
EndProject
Project("{8BC9CEB8-8B4A-11D0-8D11-00A0C91BC942}") = "PointCloudViewer", "PointCloudViewer.vcxproj", "{EF11968C-A70A-4DC2-97B8-B8AEFA21F547}"
EndProject
Project("{8BC9CEB8-8B4A-11D0-8D11-00A0C91BC942}") = "ICP_gpu", "ICP_gpu.vcxproj", "{3420AF7C-47CA-40BB-8339-588C7771D3E7}"
EndProject
Project("{8BC9CEB8-8B4A-11D0-8D11-00A0C91BC942}") = "SaveStream", "SaveStream.vcxproj", "{3DB31148-0617-4288-B9E5-71AA6B868582}"
EndProject
Global
	GlobalSection(SolutionConfigurationPlatforms) = preSolution
		Debug|Win32 = Debug|Win32
		Debug|x64 = Debug|x64
		Release|Win32 = Release|Win32
		Release|x64 = Release|x64
	EndGlobalSection
	GlobalSection(ProjectConfigurationPlatforms) = postSolution
		{901B3457-2876-4A37-B99F-08A5EBDE4E03}.Debug|Win32.ActiveCfg = Debug|x64
		{901B3457-2876-4A37-B99F-08A5EBDE4E03}.Debug|x64.ActiveCfg = Debug|x64
		{901B3457-2876-4A37-B99F-08A5EBDE4E03}.Debug|x64.Build.0 = Debug|x64
		{901B3457-2876-4A37-B99F-08A5EBDE4E03}.Release|Win32.ActiveCfg = Release|x64
		{901B3457-2876-4A37-B99F-08A5EBDE4E03}.Release|x64.ActiveCfg = Release|x64
		{901B3457-2876-4A37-B99F-08A5EBDE4E03}.Release|x64.Build.0 = Release|x64
		{E07C587F-8FD3-451B-A362-B52016504ADF}.Debug|Win32.ActiveCfg = Debug|x64
		{E07C587F-8FD3-451B-A362-B52016504ADF}.Debug|x64.ActiveCfg = Debug|x64
		{E07C587F-8FD3-451B-A362-B52016504ADF}.Debug|x64.Build.0 = Debug|x64
		{E07C587F-8FD3-451B-A362-B52016504ADF}.Release|Win32.ActiveCfg = Release|x64
		{E07C587F-8FD3-451B-A362-B52016504ADF}.Release|x64.ActiveCfg = Release|x64
		{E07C587F-8FD3-451B-A362-B52016504ADF}.Release|x64.Build.0 = Release|x64
		{A1FA2CCC-DEF0-4FF3-82F0-EEDFF1A6523B}.Debug|Win32.ActiveCfg = Debug|x64
		{A1FA2CCC-DEF0-4FF3-82F0-EEDFF1A6523B}.Debug|x64.ActiveCfg = Debug|x64
		{A1FA2CCC-DEF0-4FF3-82F0-EEDFF1A6523B}.Debug|x64.Build.0 = Debug|x64
		{A1FA2CCC-DEF0-4FF3-82F0-EEDFF1A6523B}.Release|Win32.ActiveCfg = Release|x64
		{A1FA2CCC-DEF0-4FF3-82F0-EEDFF1A6523B}.Release|x64.ActiveCfg = Release|x64
		{A1FA2CCC-DEF0-4FF3-82F0-EEDFF1A6523B}.Release|x64.Build.0 = Release|x64
		{CD154329-1BC9-4A36-AADD-11B542A0A728}.Debug|Win32.ActiveCfg = Debug|x64
		{CD154329-1BC9-4A36-AADD-11B542A0A728}.Debug|x64.ActiveCfg = Debug|x64
		{CD154329-1BC9-4A36-AADD-11B542A0A728}.Debug|x64.Build.0 = Debug|x64
		{CD154329-1BC9-4A36-AADD-11B542A0A728}.Release|Win32.ActiveCfg = Release|x64
		{CD154329-1BC9-4A36-AADD-11B542A0A728}.Release|x64.ActiveCfg = Release|x64
		{CD154329-1BC9-4A36-AADD-11B542A0A728}.Release|x64.Build.0 = Release|x64
		{7730029D-DB43-47E4-AD9A-8A403281758D}.Debug|Win32.ActiveCfg = Debug|x64
		{7730029D-DB43-47E4-AD9A-8A403281758D}.Debug|x64.ActiveCfg = Debug|x64
		{7730029D-DB43-47E4-AD9A-8A403281758D}.Debug|x64.Build.0 = Debug|x64
		{7730029D-DB43-47E4-AD9A-8A403281758D}.Release|Win32.ActiveCfg = Release|x64
		{7730029D-DB43-47E4-AD9A-8A403281758D}.Release|x64.ActiveCfg = Release|x64
		{7730029D-DB43-47E4-AD9A-8A403281758D}.Release|x64.Build.0 = Release|x64
		{169D6F36-A787-4E74-9FEA-6A9C97F52054}.Debug|Win32.ActiveCfg = Debug|x64
		{169D6F36-A787-4E74-9FEA-6A9C97F52054}.Debug|x64.ActiveCfg = Debug|x64
		{169D6F36-A787-4E74-9FEA-6A9C97F52054}.Debug|x64.Build.0 = Debug|x64
		{169D6F36-A787-4E74-9FEA-6A9C97F52054}.Release|Win32.ActiveCfg = Release|x64
		{169D6F36-A787-4E74-9FEA-6A9C97F52054}.Release|x64.ActiveCfg = Release|x64
		{169D6F36-A787-4E74-9FEA-6A9C97F52054}.Release|x64.Build.0 = Release|x64
		{DD064BAB-8752-4DC8-B17A-5F12C6259D36}.Debug|Win32.ActiveCfg = Debug|x64
		{DD064BAB-8752-4DC8-B17A-5F12C6259D36}.Debug|x64.ActiveCfg = Debug|x64
		{DD064BAB-8752-4DC8-B17A-5F12C6259D36}.Debug|x64.Build.0 = Debug|x64
		{DD064BAB-8752-4DC8-B17A-5F12C6259D36}.Release|Win32.ActiveCfg = Release|x64
		{DD064BAB-8752-4DC8-B17A-5F12C6259D36}.Release|x64.ActiveCfg = Release|x64
		{DD064BAB-8752-4DC8-B17A-5F12C6259D36}.Release|x64.Build.0 = Release|x64
		{0EB87B31-E8A9-47D9-A830-C71D0D38B2D8}.Debug|Win32.ActiveCfg = Debug|x64
		{0EB87B31-E8A9-47D9-A830-C71D0D38B2D8}.Debug|x64.ActiveCfg = Debug|x64
		{0EB87B31-E8A9-47D9-A830-C71D0D38B2D8}.Debug|x64.Build.0 = Debug|x64
		{0EB87B31-E8A9-47D9-A830-C71D0D38B2D8}.Release|Win32.ActiveCfg = Release|x64
		{0EB87B31-E8A9-47D9-A830-C71D0D38B2D8}.Release|x64.ActiveCfg = Release|x64
		{0EB87B31-E8A9-47D9-A830-C71D0D38B2D8}.Release|x64.Build.0 = Release|x64
		{2DEDC23A-0D92-4952-A73C-82A8742AF6A4}.Debug|Win32.ActiveCfg = Debug|x64
		{2DEDC23A-0D92-4952-A73C-82A8742AF6A4}.Debug|x64.ActiveCfg = Debug|x64
		{2DEDC23A-0D92-4952-A73C-82A8742AF6A4}.Debug|x64.Build.0 = Debug|x64
		{2DEDC23A-0D92-4952-A73C-82A8742AF6A4}.Release|Win32.ActiveCfg = Release|x64
		{2DEDC23A-0D92-4952-A73C-82A8742AF6A4}.Release|x64.ActiveCfg = Release|x64
		{2DEDC23A-0D92-4952-A73C-82A8742AF6A4}.Release|x64.Build.0 = Release|x64
		{85A698F9-697C-420E-B95D-27DAADB7F97F}.Debug|Win32.ActiveCfg = Debug|x64
		{85A698F9-697C-420E-B95D-27DAADB7F97F}.Debug|x64.ActiveCfg = Debug|x64
		{85A698F9-697C-420E-B95D-27DAADB7F97F}.Debug|x64.Build.0 = Debug|x64
		{85A698F9-697C-420E-B95D-27DAADB7F97F}.Release|Win32.ActiveCfg = Release|x64
		{85A698F9-697C-420E-B95D-27DAADB7F97F}.Release|x64.ActiveCfg = Release|x64
		{85A698F9-697C-420E-B95D-27DAADB7F97F}.Release|x64.Build.0 = Release|x64
		{835E1B3C-B685-4290-8C71-0F36F3E1D3BD}.Debug|Win32.ActiveCfg = Debug|Win32
		{835E1B3C-B685-4290-8C71-0F36F3E1D3BD}.Debug|Win32.Build.0 = Debug|Win32
		{835E1B3C-B685-4290-8C71-0F36F3E1D3BD}.Debug|x64.ActiveCfg = Debug|x64
		{835E1B3C-B685-4290-8C71-0F36F3E1D3BD}.Debug|x64.Build.0 = Debug|x64
		{835E1B3C-B685-4290-8C71-0F36F3E1D3BD}.Release|Win32.ActiveCfg = Release|Win32
		{835E1B3C-B685-4290-8C71-0F36F3E1D3BD}.Release|Win32.Build.0 = Release|Win32
		{835E1B3C-B685-4290-8C71-0F36F3E1D3BD}.Release|x64.ActiveCfg = Release|x64
		{835E1B3C-B685-4290-8C71-0F36F3E1D3BD}.Release|x64.Build.0 = Release|x64
		{235F7D6E-4E3F-4428-B181-AC7594CAA09E}.Debug|Win32.ActiveCfg = Debug|x64
		{235F7D6E-4E3F-4428-B181-AC7594CAA09E}.Debug|x64.ActiveCfg = Debug|x64
		{235F7D6E-4E3F-4428-B181-AC7594CAA09E}.Debug|x64.Build.0 = Debug|x64
		{235F7D6E-4E3F-4428-B181-AC7594CAA09E}.Release|Win32.ActiveCfg = Release|x64
		{235F7D6E-4E3F-4428-B181-AC7594CAA09E}.Release|x64.ActiveCfg = Release|x64
		{235F7D6E-4E3F-4428-B181-AC7594CAA09E}.Release|x64.Build.0 = Release|x64
		{5D2195C7-BCFD-4207-B003-5B852F9A61E0}.Debug|Win32.ActiveCfg = Debug|x64
		{5D2195C7-BCFD-4207-B003-5B852F9A61E0}.Debug|x64.ActiveCfg = Debug|x64
		{5D2195C7-BCFD-4207-B003-5B852F9A61E0}.Debug|x64.Build.0 = Debug|x64
		{5D2195C7-BCFD-4207-B003-5B852F9A61E0}.Release|Win32.ActiveCfg = Release|x64
		{5D2195C7-BCFD-4207-B003-5B852F9A61E0}.Release|x64.ActiveCfg = Release|x64
		{5D2195C7-BCFD-4207-B003-5B852F9A61E0}.Release|x64.Build.0 = Release|x64
		{CDEE57B7-2D36-4D16-84AA-DD219A93ADCF}.Debug|Win32.ActiveCfg = Debug|x64
		{CDEE57B7-2D36-4D16-84AA-DD219A93ADCF}.Debug|x64.ActiveCfg = Debug|x64
		{CDEE57B7-2D36-4D16-84AA-DD219A93ADCF}.Debug|x64.Build.0 = Debug|x64
		{CDEE57B7-2D36-4D16-84AA-DD219A93ADCF}.Release|Win32.ActiveCfg = Release|x64
		{CDEE57B7-2D36-4D16-84AA-DD219A93ADCF}.Release|x64.ActiveCfg = Release|x64
		{CDEE57B7-2D36-4D16-84AA-DD219A93ADCF}.Release|x64.Build.0 = Release|x64
		{EF11968C-A70A-4DC2-97B8-B8AEFA21F547}.Debug|Win32.ActiveCfg = Debug|x64
		{EF11968C-A70A-4DC2-97B8-B8AEFA21F547}.Debug|x64.ActiveCfg = Debug|x64
		{EF11968C-A70A-4DC2-97B8-B8AEFA21F547}.Debug|x64.Build.0 = Debug|x64
		{EF11968C-A70A-4DC2-97B8-B8AEFA21F547}.Release|Win32.ActiveCfg = Release|x64
		{EF11968C-A70A-4DC2-97B8-B8AEFA21F547}.Release|x64.ActiveCfg = Release|x64
		{EF11968C-A70A-4DC2-97B8-B8AEFA21F547}.Release|x64.Build.0 = Release|x64
		{3420AF7C-47CA-40BB-8339-588C7771D3E7}.Debug|Win32.ActiveCfg = Debug|x64
		{3420AF7C-47CA-40BB-8339-588C7771D3E7}.Debug|x64.ActiveCfg = Debug|x64
		{3420AF7C-47CA-40BB-8339-588C7771D3E7}.Debug|x64.Build.0 = Debug|x64
		{3420AF7C-47CA-40BB-8339-588C7771D3E7}.Release|Win32.ActiveCfg = Release|x64
		{3420AF7C-47CA-40BB-8339-588C7771D3E7}.Release|x64.ActiveCfg = Release|x64
		{3420AF7C-47CA-40BB-8339-588C7771D3E7}.Release|x64.Build.0 = Release|x64
		{3DB31148-0617-4288-B9E5-71AA6B868582}.Debug|Win32.ActiveCfg = Debug|x64
		{3DB31148-0617-4288-B9E5-71AA6B868582}.Debug|x64.ActiveCfg = Debug|x64
		{3DB31148-0617-4288-B9E5-71AA6B868582}.Debug|x64.Build.0 = Debug|x64
		{3DB31148-0617-4288-B9E5-71AA6B868582}.Release|Win32.ActiveCfg = Release|x64
		{3DB31148-0617-4288-B9E5-71AA6B868582}.Release|x64.ActiveCfg = Release|x64
		{3DB31148-0617-4288-B9E5-71AA6B868582}.Release|x64.Build.0 = Release|x64
	EndGlobalSection
	GlobalSection(SolutionProperties) = preSolution
		HideSolutionNode = FALSE
	EndGlobalSection
	GlobalSection(NestedProjects) = preSolution
		{901B3457-2876-4A37-B99F-08A5EBDE4E03} = {F87E6F7F-F06A-44E6-AC2E-AB5DAC113F07}
		{E07C587F-8FD3-451B-A362-B52016504ADF} = {F87E6F7F-F06A-44E6-AC2E-AB5DAC113F07}
		{A1FA2CCC-DEF0-4FF3-82F0-EEDFF1A6523B} = {947CB01C-95D6-4AB1-A286-AFA28BB6AE05}
		{CD154329-1BC9-4A36-AADD-11B542A0A728} = {0DB824ED-51DB-448A-BC0A-BA80F905402D}
		{7730029D-DB43-47E4-AD9A-8A403281758D} = {F87E6F7F-F06A-44E6-AC2E-AB5DAC113F07}
		{169D6F36-A787-4E74-9FEA-6A9C97F52054} = {F87E6F7F-F06A-44E6-AC2E-AB5DAC113F07}
		{DD064BAB-8752-4DC8-B17A-5F12C6259D36} = {F87E6F7F-F06A-44E6-AC2E-AB5DAC113F07}
		{0EB87B31-E8A9-47D9-A830-C71D0D38B2D8} = {F87E6F7F-F06A-44E6-AC2E-AB5DAC113F07}
		{2DEDC23A-0D92-4952-A73C-82A8742AF6A4} = {0DB824ED-51DB-448A-BC0A-BA80F905402D}
		{85A698F9-697C-420E-B95D-27DAADB7F97F} = {692D3B53-0A36-4FC7-8215-7622A18E77C1}
		{835E1B3C-B685-4290-8C71-0F36F3E1D3BD} = {692D3B53-0A36-4FC7-8215-7622A18E77C1}
		{235F7D6E-4E3F-4428-B181-AC7594CAA09E} = {F87E6F7F-F06A-44E6-AC2E-AB5DAC113F07}
		{5D2195C7-BCFD-4207-B003-5B852F9A61E0} = {692D3B53-0A36-4FC7-8215-7622A18E77C1}
		{CDEE57B7-2D36-4D16-84AA-DD219A93ADCF} = {692D3B53-0A36-4FC7-8215-7622A18E77C1}
		{EF11968C-A70A-4DC2-97B8-B8AEFA21F547} = {F87E6F7F-F06A-44E6-AC2E-AB5DAC113F07}
		{3420AF7C-47CA-40BB-8339-588C7771D3E7} = {692D3B53-0A36-4FC7-8215-7622A18E77C1}
		{3DB31148-0617-4288-B9E5-71AA6B868582} = {F87E6F7F-F06A-44E6-AC2E-AB5DAC113F07}
	EndGlobalSection
EndGlobal
