
Microsoft Visual Studio Solution File, Format Version 12.00
# Visual Studio 2013
VisualStudioVersion = 12.0.21005.1
MinimumVisualStudioVersion = 10.0.40219.1
Project("{8BC9CEB8-8B4A-11D0-8D11-00A0C91BC942}") = "HelloQtKinect", "HelloQtKinect.vcxproj", "{901B3457-2876-4A37-B99F-08A5EBDE4E03}"
EndProject
Project("{8BC9CEB8-8B4A-11D0-8D11-00A0C91BC942}") = "QKinectPlayer", "QKinectPlayer.vcxproj", "{E07C587F-8FD3-451B-A362-B52016504ADF}"
EndProject
Project("{2150E333-8FDC-42A3-9474-1A3956D46DE8}") = "Test", "Test", "{0DB824ED-51DB-448A-BC0A-BA80F905402D}"
EndProject
Project("{2150E333-8FDC-42A3-9474-1A3956D46DE8}") = "App", "App", "{F87E6F7F-F06A-44E6-AC2E-AB5DAC113F07}"
EndProject
Project("{2150E333-8FDC-42A3-9474-1A3956D46DE8}") = "Lib", "Lib", "{947CB01C-95D6-4AB1-A286-AFA28BB6AE05}"
EndProject
Project("{8BC9CEB8-8B4A-11D0-8D11-00A0C91BC942}") = "QtKinect", "QtKinect.vcxproj", "{A1FA2CCC-DEF0-4FF3-82F0-EEDFF1A6523B}"
EndProject
Project("{8BC9CEB8-8B4A-11D0-8D11-00A0C91BC942}") = "TestQtKinect", "TestQtKinect.vcxproj", "{CD154329-1BC9-4A36-AADD-11B542A0A728}"
EndProject
Project("{8BC9CEB8-8B4A-11D0-8D11-00A0C91BC942}") = "QtKinectLoad", "QtKinectLoad.vcxproj", "{7730029D-DB43-47E4-AD9A-8A403281758D}"
EndProject
Project("{8BC9CEB8-8B4A-11D0-8D11-00A0C91BC942}") = "QtKinectSave", "QtKinectSave.vcxproj", "{169D6F36-A787-4E74-9FEA-6A9C97F52054}"
EndProject
Project("{8BC9CEB8-8B4A-11D0-8D11-00A0C91BC942}") = "Volumetric", "Volumetric.vcxproj", "{DD064BAB-8752-4DC8-B17A-5F12C6259D36}"
EndProject
Project("{8BC9CEB8-8B4A-11D0-8D11-00A0C91BC942}") = "Raycasting", "Raycasting.vcxproj", "{0EB87B31-E8A9-47D9-A830-C71D0D38B2D8}"
EndProject
Project("{8BC9CEB8-8B4A-11D0-8D11-00A0C91BC942}") = "TestVolumetric", "TestVolumetric.vcxproj", "{2DEDC23A-0D92-4952-A73C-82A8742AF6A4}"
EndProject
Project("{2150E333-8FDC-42A3-9474-1A3956D46DE8}") = "Gpu", "Gpu", "{692D3B53-0A36-4FC7-8215-7622A18E77C1}"
EndProject
Project("{8BC9CEB8-8B4A-11D0-8D11-00A0C91BC942}") = "Volumetric_gpu", "Volumetric_gpu.vcxproj", "{BD6523CD-D73B-4D7E-91E7-896F70D13209}"
EndProject
Project("{8BC9CEB8-8B4A-11D0-8D11-00A0C91BC942}") = "cuda_kernels", "cuda_kernels.vcxproj", "{835E1B3C-B685-4290-8C71-0F36F3E1D3BD}"
EndProject
Project("{8BC9CEB8-8B4A-11D0-8D11-00A0C91BC942}") = "NormalEstimate", "NormalEstimate.vcxproj", "{235F7D6E-4E3F-4428-B181-AC7594CAA09E}"
EndProject
Project("{8BC9CEB8-8B4A-11D0-8D11-00A0C91BC942}") = "BilateralFilter_gpu", "BilateralFilter_gpu.vcxproj", "{5D2195C7-BCFD-4207-B003-5B852F9A61E0}"
EndProject
Project("{8BC9CEB8-8B4A-11D0-8D11-00A0C91BC942}") = "NormalEstimate_gpu", "NormalEstimate_gpu.vcxproj", "{CDEE57B7-2D36-4D16-84AA-DD219A93ADCF}"
EndProject
Project("{8BC9CEB8-8B4A-11D0-8D11-00A0C91BC942}") = "PointCloudViewer", "PointCloudViewer.vcxproj", "{EF11968C-A70A-4DC2-97B8-B8AEFA21F547}"
EndProject
Project("{8BC9CEB8-8B4A-11D0-8D11-00A0C91BC942}") = "ICP_gpu", "ICP_gpu.vcxproj", "{3420AF7C-47CA-40BB-8339-588C7771D3E7}"
EndProject
Project("{8BC9CEB8-8B4A-11D0-8D11-00A0C91BC942}") = "KinectSave", "KinectSave.vcxproj", "{3DB31148-0617-4288-B9E5-71AA6B868582}"
EndProject
Project("{8BC9CEB8-8B4A-11D0-8D11-00A0C91BC942}") = "KinectLoad", "KinectLoad.vcxproj", "{A8B9E253-F5EA-434E-983C-07E7D2DCB5DA}"
EndProject
Project("{8BC9CEB8-8B4A-11D0-8D11-00A0C91BC942}") = "KinectFrame2Obj", "KinectFrame2Obj.vcxproj", "{F72065AA-9C04-4927-8C65-9F745189EF16}"
EndProject
Project("{8BC9CEB8-8B4A-11D0-8D11-00A0C91BC942}") = "KinectGpu", "KinectGpu.vcxproj", "{209B6603-317F-4349-A10E-F08857C0579F}"
EndProject
Project("{8BC9CEB8-8B4A-11D0-8D11-00A0C91BC942}") = "Raycasting_gpu", "Raycasting_gpu.vcxproj", "{5A3DCFA5-C4FE-48AF-86DD-EB6E4BC64C4F}"
EndProject
Project("{2150E333-8FDC-42A3-9474-1A3956D46DE8}") = "Cuda", "Cuda", "{A5DBBF77-8DDE-4491-9B15-8D7D2E06F293}"
EndProject
Project("{8BC9CEB8-8B4A-11D0-8D11-00A0C91BC942}") = "KinectFusionKernels", "KinectFusionKernels.vcxproj", "{4A8DFEC1-DEDF-4FE7-921F-8AF7B0AA6D58}"
EndProject
Project("{8BC9CEB8-8B4A-11D0-8D11-00A0C91BC942}") = "TestRaycast", "TestRaycast.vcxproj", "{887721AB-AAB7-45FF-86C0-551D74C11F40}"
EndProject
Project("{8BC9CEB8-8B4A-11D0-8D11-00A0C91BC942}") = "RaycastKernels", "RaycastKernels.vcxproj", "{28E08B07-4CDF-41D4-B6E6-8D71D701C352}"
EndProject
Project("{8BC9CEB8-8B4A-11D0-8D11-00A0C91BC942}") = "KinectFusion", "KinectFusion.vcxproj", "{C53BA3C5-CBAD-45B8-8BFC-8641044B077F}"
EndProject
Project("{8BC9CEB8-8B4A-11D0-8D11-00A0C91BC942}") = "Icp", "Icp.vcxproj", "{AE358188-D0EA-41CC-BA1D-F980B8F20C6B}"
EndProject
Global
	GlobalSection(SolutionConfigurationPlatforms) = preSolution
		Debug|x64 = Debug|x64
		Release|x64 = Release|x64
	EndGlobalSection
	GlobalSection(ProjectConfigurationPlatforms) = postSolution
		{901B3457-2876-4A37-B99F-08A5EBDE4E03}.Debug|x64.ActiveCfg = Debug|x64
		{901B3457-2876-4A37-B99F-08A5EBDE4E03}.Debug|x64.Build.0 = Debug|x64
		{901B3457-2876-4A37-B99F-08A5EBDE4E03}.Release|x64.ActiveCfg = Release|x64
		{901B3457-2876-4A37-B99F-08A5EBDE4E03}.Release|x64.Build.0 = Release|x64
		{E07C587F-8FD3-451B-A362-B52016504ADF}.Debug|x64.ActiveCfg = Debug|x64
		{E07C587F-8FD3-451B-A362-B52016504ADF}.Debug|x64.Build.0 = Debug|x64
		{E07C587F-8FD3-451B-A362-B52016504ADF}.Release|x64.ActiveCfg = Release|x64
		{E07C587F-8FD3-451B-A362-B52016504ADF}.Release|x64.Build.0 = Release|x64
		{A1FA2CCC-DEF0-4FF3-82F0-EEDFF1A6523B}.Debug|x64.ActiveCfg = Debug|x64
		{A1FA2CCC-DEF0-4FF3-82F0-EEDFF1A6523B}.Debug|x64.Build.0 = Debug|x64
		{A1FA2CCC-DEF0-4FF3-82F0-EEDFF1A6523B}.Release|x64.ActiveCfg = Release|x64
		{A1FA2CCC-DEF0-4FF3-82F0-EEDFF1A6523B}.Release|x64.Build.0 = Release|x64
		{CD154329-1BC9-4A36-AADD-11B542A0A728}.Debug|x64.ActiveCfg = Debug|x64
		{CD154329-1BC9-4A36-AADD-11B542A0A728}.Debug|x64.Build.0 = Debug|x64
		{CD154329-1BC9-4A36-AADD-11B542A0A728}.Release|x64.ActiveCfg = Release|x64
		{CD154329-1BC9-4A36-AADD-11B542A0A728}.Release|x64.Build.0 = Release|x64
		{7730029D-DB43-47E4-AD9A-8A403281758D}.Debug|x64.ActiveCfg = Debug|x64
		{7730029D-DB43-47E4-AD9A-8A403281758D}.Debug|x64.Build.0 = Debug|x64
		{7730029D-DB43-47E4-AD9A-8A403281758D}.Release|x64.ActiveCfg = Release|x64
		{7730029D-DB43-47E4-AD9A-8A403281758D}.Release|x64.Build.0 = Release|x64
		{169D6F36-A787-4E74-9FEA-6A9C97F52054}.Debug|x64.ActiveCfg = Debug|x64
		{169D6F36-A787-4E74-9FEA-6A9C97F52054}.Debug|x64.Build.0 = Debug|x64
		{169D6F36-A787-4E74-9FEA-6A9C97F52054}.Release|x64.ActiveCfg = Release|x64
		{169D6F36-A787-4E74-9FEA-6A9C97F52054}.Release|x64.Build.0 = Release|x64
		{DD064BAB-8752-4DC8-B17A-5F12C6259D36}.Debug|x64.ActiveCfg = Debug|x64
		{DD064BAB-8752-4DC8-B17A-5F12C6259D36}.Debug|x64.Build.0 = Debug|x64
		{DD064BAB-8752-4DC8-B17A-5F12C6259D36}.Release|x64.ActiveCfg = Release|x64
		{DD064BAB-8752-4DC8-B17A-5F12C6259D36}.Release|x64.Build.0 = Release|x64
		{0EB87B31-E8A9-47D9-A830-C71D0D38B2D8}.Debug|x64.ActiveCfg = Debug|x64
		{0EB87B31-E8A9-47D9-A830-C71D0D38B2D8}.Debug|x64.Build.0 = Debug|x64
		{0EB87B31-E8A9-47D9-A830-C71D0D38B2D8}.Release|x64.ActiveCfg = Release|x64
		{0EB87B31-E8A9-47D9-A830-C71D0D38B2D8}.Release|x64.Build.0 = Release|x64
		{2DEDC23A-0D92-4952-A73C-82A8742AF6A4}.Debug|x64.ActiveCfg = Debug|x64
		{2DEDC23A-0D92-4952-A73C-82A8742AF6A4}.Debug|x64.Build.0 = Debug|x64
		{2DEDC23A-0D92-4952-A73C-82A8742AF6A4}.Release|x64.ActiveCfg = Release|x64
		{2DEDC23A-0D92-4952-A73C-82A8742AF6A4}.Release|x64.Build.0 = Release|x64
		{BD6523CD-D73B-4D7E-91E7-896F70D13209}.Debug|x64.ActiveCfg = Debug|x64
		{BD6523CD-D73B-4D7E-91E7-896F70D13209}.Debug|x64.Build.0 = Debug|x64
		{BD6523CD-D73B-4D7E-91E7-896F70D13209}.Release|x64.ActiveCfg = Release|x64
		{BD6523CD-D73B-4D7E-91E7-896F70D13209}.Release|x64.Build.0 = Release|x64
		{835E1B3C-B685-4290-8C71-0F36F3E1D3BD}.Debug|x64.ActiveCfg = Debug|x64
		{835E1B3C-B685-4290-8C71-0F36F3E1D3BD}.Debug|x64.Build.0 = Debug|x64
		{835E1B3C-B685-4290-8C71-0F36F3E1D3BD}.Release|x64.ActiveCfg = Release|x64
		{835E1B3C-B685-4290-8C71-0F36F3E1D3BD}.Release|x64.Build.0 = Release|x64
		{235F7D6E-4E3F-4428-B181-AC7594CAA09E}.Debug|x64.ActiveCfg = Debug|x64
		{235F7D6E-4E3F-4428-B181-AC7594CAA09E}.Debug|x64.Build.0 = Debug|x64
		{235F7D6E-4E3F-4428-B181-AC7594CAA09E}.Release|x64.ActiveCfg = Release|x64
		{235F7D6E-4E3F-4428-B181-AC7594CAA09E}.Release|x64.Build.0 = Release|x64
		{5D2195C7-BCFD-4207-B003-5B852F9A61E0}.Debug|x64.ActiveCfg = Debug|x64
		{5D2195C7-BCFD-4207-B003-5B852F9A61E0}.Debug|x64.Build.0 = Debug|x64
		{5D2195C7-BCFD-4207-B003-5B852F9A61E0}.Release|x64.ActiveCfg = Release|x64
		{5D2195C7-BCFD-4207-B003-5B852F9A61E0}.Release|x64.Build.0 = Release|x64
		{CDEE57B7-2D36-4D16-84AA-DD219A93ADCF}.Debug|x64.ActiveCfg = Debug|x64
		{CDEE57B7-2D36-4D16-84AA-DD219A93ADCF}.Debug|x64.Build.0 = Debug|x64
		{CDEE57B7-2D36-4D16-84AA-DD219A93ADCF}.Release|x64.ActiveCfg = Release|x64
		{CDEE57B7-2D36-4D16-84AA-DD219A93ADCF}.Release|x64.Build.0 = Release|x64
		{EF11968C-A70A-4DC2-97B8-B8AEFA21F547}.Debug|x64.ActiveCfg = Debug|x64
		{EF11968C-A70A-4DC2-97B8-B8AEFA21F547}.Debug|x64.Build.0 = Debug|x64
		{EF11968C-A70A-4DC2-97B8-B8AEFA21F547}.Release|x64.ActiveCfg = Release|x64
		{EF11968C-A70A-4DC2-97B8-B8AEFA21F547}.Release|x64.Build.0 = Release|x64
		{3420AF7C-47CA-40BB-8339-588C7771D3E7}.Debug|x64.ActiveCfg = Debug|x64
		{3420AF7C-47CA-40BB-8339-588C7771D3E7}.Debug|x64.Build.0 = Debug|x64
		{3420AF7C-47CA-40BB-8339-588C7771D3E7}.Release|x64.ActiveCfg = Release|x64
		{3420AF7C-47CA-40BB-8339-588C7771D3E7}.Release|x64.Build.0 = Release|x64
		{3DB31148-0617-4288-B9E5-71AA6B868582}.Debug|x64.ActiveCfg = Debug|x64
		{3DB31148-0617-4288-B9E5-71AA6B868582}.Debug|x64.Build.0 = Debug|x64
		{3DB31148-0617-4288-B9E5-71AA6B868582}.Release|x64.ActiveCfg = Release|x64
		{3DB31148-0617-4288-B9E5-71AA6B868582}.Release|x64.Build.0 = Release|x64
		{A8B9E253-F5EA-434E-983C-07E7D2DCB5DA}.Debug|x64.ActiveCfg = Debug|x64
		{A8B9E253-F5EA-434E-983C-07E7D2DCB5DA}.Debug|x64.Build.0 = Debug|x64
		{A8B9E253-F5EA-434E-983C-07E7D2DCB5DA}.Release|x64.ActiveCfg = Release|x64
		{A8B9E253-F5EA-434E-983C-07E7D2DCB5DA}.Release|x64.Build.0 = Release|x64
		{F72065AA-9C04-4927-8C65-9F745189EF16}.Debug|x64.ActiveCfg = Debug|x64
		{F72065AA-9C04-4927-8C65-9F745189EF16}.Debug|x64.Build.0 = Debug|x64
		{F72065AA-9C04-4927-8C65-9F745189EF16}.Release|x64.ActiveCfg = Release|x64
		{F72065AA-9C04-4927-8C65-9F745189EF16}.Release|x64.Build.0 = Release|x64
		{209B6603-317F-4349-A10E-F08857C0579F}.Debug|x64.ActiveCfg = Debug|x64
		{209B6603-317F-4349-A10E-F08857C0579F}.Debug|x64.Build.0 = Debug|x64
		{209B6603-317F-4349-A10E-F08857C0579F}.Release|x64.ActiveCfg = Release|x64
		{209B6603-317F-4349-A10E-F08857C0579F}.Release|x64.Build.0 = Release|x64
		{5A3DCFA5-C4FE-48AF-86DD-EB6E4BC64C4F}.Debug|x64.ActiveCfg = Debug|x64
		{5A3DCFA5-C4FE-48AF-86DD-EB6E4BC64C4F}.Debug|x64.Build.0 = Debug|x64
		{5A3DCFA5-C4FE-48AF-86DD-EB6E4BC64C4F}.Release|x64.ActiveCfg = Release|x64
		{5A3DCFA5-C4FE-48AF-86DD-EB6E4BC64C4F}.Release|x64.Build.0 = Release|x64
		{4A8DFEC1-DEDF-4FE7-921F-8AF7B0AA6D58}.Debug|x64.ActiveCfg = Debug|x64
		{4A8DFEC1-DEDF-4FE7-921F-8AF7B0AA6D58}.Debug|x64.Build.0 = Debug|x64
		{4A8DFEC1-DEDF-4FE7-921F-8AF7B0AA6D58}.Release|x64.ActiveCfg = Release|x64
		{4A8DFEC1-DEDF-4FE7-921F-8AF7B0AA6D58}.Release|x64.Build.0 = Release|x64
		{887721AB-AAB7-45FF-86C0-551D74C11F40}.Debug|x64.ActiveCfg = Debug|x64
		{887721AB-AAB7-45FF-86C0-551D74C11F40}.Debug|x64.Build.0 = Debug|x64
		{887721AB-AAB7-45FF-86C0-551D74C11F40}.Release|x64.ActiveCfg = Release|x64
		{887721AB-AAB7-45FF-86C0-551D74C11F40}.Release|x64.Build.0 = Release|x64
		{28E08B07-4CDF-41D4-B6E6-8D71D701C352}.Debug|x64.ActiveCfg = Debug|x64
		{28E08B07-4CDF-41D4-B6E6-8D71D701C352}.Debug|x64.Build.0 = Debug|x64
		{28E08B07-4CDF-41D4-B6E6-8D71D701C352}.Release|x64.ActiveCfg = Release|x64
		{28E08B07-4CDF-41D4-B6E6-8D71D701C352}.Release|x64.Build.0 = Release|x64
		{C53BA3C5-CBAD-45B8-8BFC-8641044B077F}.Debug|x64.ActiveCfg = Debug|x64
		{C53BA3C5-CBAD-45B8-8BFC-8641044B077F}.Debug|x64.Build.0 = Debug|x64
		{C53BA3C5-CBAD-45B8-8BFC-8641044B077F}.Release|x64.ActiveCfg = Release|x64
		{C53BA3C5-CBAD-45B8-8BFC-8641044B077F}.Release|x64.Build.0 = Release|x64
		{AE358188-D0EA-41CC-BA1D-F980B8F20C6B}.Debug|x64.ActiveCfg = Debug|x64
		{AE358188-D0EA-41CC-BA1D-F980B8F20C6B}.Debug|x64.Build.0 = Debug|x64
		{AE358188-D0EA-41CC-BA1D-F980B8F20C6B}.Release|x64.ActiveCfg = Release|x64
		{AE358188-D0EA-41CC-BA1D-F980B8F20C6B}.Release|x64.Build.0 = Release|x64
	EndGlobalSection
	GlobalSection(SolutionProperties) = preSolution
		HideSolutionNode = FALSE
	EndGlobalSection
	GlobalSection(NestedProjects) = preSolution
		{E07C587F-8FD3-451B-A362-B52016504ADF} = {F87E6F7F-F06A-44E6-AC2E-AB5DAC113F07}
		{901B3457-2876-4A37-B99F-08A5EBDE4E03} = {F87E6F7F-F06A-44E6-AC2E-AB5DAC113F07}
		{7730029D-DB43-47E4-AD9A-8A403281758D} = {F87E6F7F-F06A-44E6-AC2E-AB5DAC113F07}
		{169D6F36-A787-4E74-9FEA-6A9C97F52054} = {F87E6F7F-F06A-44E6-AC2E-AB5DAC113F07}
		{DD064BAB-8752-4DC8-B17A-5F12C6259D36} = {F87E6F7F-F06A-44E6-AC2E-AB5DAC113F07}
		{0EB87B31-E8A9-47D9-A830-C71D0D38B2D8} = {F87E6F7F-F06A-44E6-AC2E-AB5DAC113F07}
		{235F7D6E-4E3F-4428-B181-AC7594CAA09E} = {F87E6F7F-F06A-44E6-AC2E-AB5DAC113F07}
		{EF11968C-A70A-4DC2-97B8-B8AEFA21F547} = {F87E6F7F-F06A-44E6-AC2E-AB5DAC113F07}
		{3DB31148-0617-4288-B9E5-71AA6B868582} = {F87E6F7F-F06A-44E6-AC2E-AB5DAC113F07}
		{A8B9E253-F5EA-434E-983C-07E7D2DCB5DA} = {F87E6F7F-F06A-44E6-AC2E-AB5DAC113F07}
		{F72065AA-9C04-4927-8C65-9F745189EF16} = {F87E6F7F-F06A-44E6-AC2E-AB5DAC113F07}
		{AE358188-D0EA-41CC-BA1D-F980B8F20C6B} = {F87E6F7F-F06A-44E6-AC2E-AB5DAC113F07}
		{CD154329-1BC9-4A36-AADD-11B542A0A728} = {0DB824ED-51DB-448A-BC0A-BA80F905402D}
		{2DEDC23A-0D92-4952-A73C-82A8742AF6A4} = {0DB824ED-51DB-448A-BC0A-BA80F905402D}
		{887721AB-AAB7-45FF-86C0-551D74C11F40} = {0DB824ED-51DB-448A-BC0A-BA80F905402D}
		{A1FA2CCC-DEF0-4FF3-82F0-EEDFF1A6523B} = {947CB01C-95D6-4AB1-A286-AFA28BB6AE05}
		{BD6523CD-D73B-4D7E-91E7-896F70D13209} = {692D3B53-0A36-4FC7-8215-7622A18E77C1}
		{5D2195C7-BCFD-4207-B003-5B852F9A61E0} = {692D3B53-0A36-4FC7-8215-7622A18E77C1}
		{CDEE57B7-2D36-4D16-84AA-DD219A93ADCF} = {692D3B53-0A36-4FC7-8215-7622A18E77C1}
		{3420AF7C-47CA-40BB-8339-588C7771D3E7} = {692D3B53-0A36-4FC7-8215-7622A18E77C1}
		{209B6603-317F-4349-A10E-F08857C0579F} = {692D3B53-0A36-4FC7-8215-7622A18E77C1}
		{5A3DCFA5-C4FE-48AF-86DD-EB6E4BC64C4F} = {692D3B53-0A36-4FC7-8215-7622A18E77C1}
		{C53BA3C5-CBAD-45B8-8BFC-8641044B077F} = {692D3B53-0A36-4FC7-8215-7622A18E77C1}
		{835E1B3C-B685-4290-8C71-0F36F3E1D3BD} = {A5DBBF77-8DDE-4491-9B15-8D7D2E06F293}
		{4A8DFEC1-DEDF-4FE7-921F-8AF7B0AA6D58} = {A5DBBF77-8DDE-4491-9B15-8D7D2E06F293}
		{28E08B07-4CDF-41D4-B6E6-8D71D701C352} = {A5DBBF77-8DDE-4491-9B15-8D7D2E06F293}
	EndGlobalSection
	GlobalSection(ExtensibilityGlobals) = postSolution
		Qt5Version = QT_58
	EndGlobalSection
EndGlobal
